// !$*UTF8*$!
{
	archiveVersion = 1;
	classes = {
	};
	objectVersion = 46;
	objects = {

/* Begin PBXBuildFile section */
		DE651F171AD8C59900ECB87F /* Sphere.cpp in Sources */ = {isa = PBXBuildFile; fileRef = DE651F151AD8C59900ECB87F /* Sphere.cpp */; };
		DE651F1A1AD8CC0D00ECB87F /* Entity.cpp in Sources */ = {isa = PBXBuildFile; fileRef = DE651F181AD8CC0D00ECB87F /* Entity.cpp */; };
		DE651F1D1AD8CDEE00ECB87F /* Plane.cpp in Sources */ = {isa = PBXBuildFile; fileRef = DE651F1B1AD8CDEE00ECB87F /* Plane.cpp */; };
		DE74311C1ADA1EC7000F762F /* Source.cpp in Sources */ = {isa = PBXBuildFile; fileRef = DE74311A1ADA1EC7000F762F /* Source.cpp */; };
		DE8CC1351ABE52B800603092 /* main.cpp in Sources */ = {isa = PBXBuildFile; fileRef = DE8CC1341ABE52B800603092 /* main.cpp */; };
		DE8CC13C1ABE52E900603092 /* OpenGL.framework in Frameworks */ = {isa = PBXBuildFile; fileRef = DE8CC13B1ABE52E900603092 /* OpenGL.framework */; };
		DE8CC13F1ABE7DEC00603092 /* Vector3.cpp in Sources */ = {isa = PBXBuildFile; fileRef = DE8CC13D1ABE7DEC00603092 /* Vector3.cpp */; };
		DE8CC1421ABE7EA800603092 /* Ray.cpp in Sources */ = {isa = PBXBuildFile; fileRef = DE8CC1401ABE7EA800603092 /* Ray.cpp */; };
		DE8CC1451ABE7FB100603092 /* Camera.cpp in Sources */ = {isa = PBXBuildFile; fileRef = DE8CC1431ABE7FB100603092 /* Camera.cpp */; };
		DEAA02491AC4C4EB0035C9E9 /* Color.cpp in Sources */ = {isa = PBXBuildFile; fileRef = DEAA02471AC4C4EB0035C9E9 /* Color.cpp */; };
		DEAA024C1AC4C76A0035C9E9 /* Light.cpp in Sources */ = {isa = PBXBuildFile; fileRef = DEAA024A1AC4C76A0035C9E9 /* Light.cpp */; };
		DEDA3B531ADC6CF000969AA0 /* Scene.cpp in Sources */ = {isa = PBXBuildFile; fileRef = DEDA3B511ADC6CF000969AA0 /* Scene.cpp */; };
/* End PBXBuildFile section */

/* Begin PBXCopyFilesBuildPhase section */
		DE8CC12F1ABE52B700603092 /* CopyFiles */ = {
			isa = PBXCopyFilesBuildPhase;
			buildActionMask = 2147483647;
			dstPath = /usr/share/man/man1/;
			dstSubfolderSpec = 0;
			files = (
			);
			runOnlyForDeploymentPostprocessing = 1;
		};
/* End PBXCopyFilesBuildPhase section */

/* Begin PBXFileReference section */
		DE651F151AD8C59900ECB87F /* Sphere.cpp */ = {isa = PBXFileReference; fileEncoding = 4; lastKnownFileType = sourcecode.cpp.cpp; path = Sphere.cpp; sourceTree = "<group>"; };
		DE651F161AD8C59900ECB87F /* Sphere.h */ = {isa = PBXFileReference; fileEncoding = 4; lastKnownFileType = sourcecode.c.h; path = Sphere.h; sourceTree = "<group>"; };
		DE651F181AD8CC0D00ECB87F /* Entity.cpp */ = {isa = PBXFileReference; fileEncoding = 4; lastKnownFileType = sourcecode.cpp.cpp; path = Entity.cpp; sourceTree = "<group>"; };
		DE651F191AD8CC0D00ECB87F /* Entity.h */ = {isa = PBXFileReference; fileEncoding = 4; lastKnownFileType = sourcecode.c.h; path = Entity.h; sourceTree = "<group>"; };
		DE651F1B1AD8CDEE00ECB87F /* Plane.cpp */ = {isa = PBXFileReference; fileEncoding = 4; lastKnownFileType = sourcecode.cpp.cpp; path = Plane.cpp; sourceTree = "<group>"; };
		DE651F1C1AD8CDEE00ECB87F /* Plane.h */ = {isa = PBXFileReference; fileEncoding = 4; lastKnownFileType = sourcecode.c.h; path = Plane.h; sourceTree = "<group>"; };
		DE74311A1ADA1EC7000F762F /* Source.cpp */ = {isa = PBXFileReference; fileEncoding = 4; lastKnownFileType = sourcecode.cpp.cpp; path = Source.cpp; sourceTree = "<group>"; };
		DE74311B1ADA1EC7000F762F /* Source.h */ = {isa = PBXFileReference; fileEncoding = 4; lastKnownFileType = sourcecode.c.h; path = Source.h; sourceTree = "<group>"; };
		DE8CC1311ABE52B700603092 /* RayTracing */ = {isa = PBXFileReference; explicitFileType = "compiled.mach-o.executable"; includeInIndex = 0; path = RayTracing; sourceTree = BUILT_PRODUCTS_DIR; };
		DE8CC1341ABE52B800603092 /* main.cpp */ = {isa = PBXFileReference; lastKnownFileType = sourcecode.cpp.cpp; path = main.cpp; sourceTree = "<group>"; };
		DE8CC13B1ABE52E900603092 /* OpenGL.framework */ = {isa = PBXFileReference; lastKnownFileType = wrapper.framework; name = OpenGL.framework; path = System/Library/Frameworks/OpenGL.framework; sourceTree = SDKROOT; };
		DE8CC13D1ABE7DEC00603092 /* Vector3.cpp */ = {isa = PBXFileReference; fileEncoding = 4; lastKnownFileType = sourcecode.cpp.cpp; path = Vector3.cpp; sourceTree = "<group>"; };
		DE8CC13E1ABE7DEC00603092 /* Vector3.h */ = {isa = PBXFileReference; fileEncoding = 4; lastKnownFileType = sourcecode.c.h; path = Vector3.h; sourceTree = "<group>"; };
		DE8CC1401ABE7EA800603092 /* Ray.cpp */ = {isa = PBXFileReference; fileEncoding = 4; lastKnownFileType = sourcecode.cpp.cpp; path = Ray.cpp; sourceTree = "<group>"; };
		DE8CC1411ABE7EA800603092 /* Ray.h */ = {isa = PBXFileReference; fileEncoding = 4; lastKnownFileType = sourcecode.c.h; path = Ray.h; sourceTree = "<group>"; };
		DE8CC1431ABE7FB100603092 /* Camera.cpp */ = {isa = PBXFileReference; fileEncoding = 4; lastKnownFileType = sourcecode.cpp.cpp; path = Camera.cpp; sourceTree = "<group>"; };
		DE8CC1441ABE7FB100603092 /* Camera.h */ = {isa = PBXFileReference; fileEncoding = 4; lastKnownFileType = sourcecode.c.h; path = Camera.h; sourceTree = "<group>"; };
		DEAA02471AC4C4EB0035C9E9 /* Color.cpp */ = {isa = PBXFileReference; fileEncoding = 4; lastKnownFileType = sourcecode.cpp.cpp; path = Color.cpp; sourceTree = "<group>"; };
		DEAA02481AC4C4EB0035C9E9 /* Color.h */ = {isa = PBXFileReference; fileEncoding = 4; lastKnownFileType = sourcecode.c.h; path = Color.h; sourceTree = "<group>"; };
		DEAA024A1AC4C76A0035C9E9 /* Light.cpp */ = {isa = PBXFileReference; fileEncoding = 4; lastKnownFileType = sourcecode.cpp.cpp; path = Light.cpp; sourceTree = "<group>"; };
		DEAA024B1AC4C76A0035C9E9 /* Light.h */ = {isa = PBXFileReference; fileEncoding = 4; lastKnownFileType = sourcecode.c.h; path = Light.h; sourceTree = "<group>"; };
		DEDA3B511ADC6CF000969AA0 /* Scene.cpp */ = {isa = PBXFileReference; fileEncoding = 4; lastKnownFileType = sourcecode.cpp.cpp; path = Scene.cpp; sourceTree = "<group>"; };
		DEDA3B521ADC6CF000969AA0 /* Scene.h */ = {isa = PBXFileReference; fileEncoding = 4; lastKnownFileType = sourcecode.c.h; path = Scene.h; sourceTree = "<group>"; };
/* End PBXFileReference section */

/* Begin PBXFrameworksBuildPhase section */
		DE8CC12E1ABE52B700603092 /* Frameworks */ = {
			isa = PBXFrameworksBuildPhase;
			buildActionMask = 2147483647;
			files = (
				DE8CC13C1ABE52E900603092 /* OpenGL.framework in Frameworks */,
			);
			runOnlyForDeploymentPostprocessing = 0;
		};
/* End PBXFrameworksBuildPhase section */

/* Begin PBXGroup section */
		DE8CC1281ABE52B700603092 = {
			isa = PBXGroup;
			children = (
				DE8CC13B1ABE52E900603092 /* OpenGL.framework */,
				DE8CC1331ABE52B700603092 /* RayTracing */,
				DE8CC1321ABE52B700603092 /* Products */,
			);
			sourceTree = "<group>";
		};
		DE8CC1321ABE52B700603092 /* Products */ = {
			isa = PBXGroup;
			children = (
				DE8CC1311ABE52B700603092 /* RayTracing */,
			);
			name = Products;
			sourceTree = "<group>";
		};
		DE8CC1331ABE52B700603092 /* RayTracing */ = {
			isa = PBXGroup;
			children = (
				DE8CC1341ABE52B800603092 /* main.cpp */,
				DEDA3B511ADC6CF000969AA0 /* Scene.cpp */,
				DEDA3B521ADC6CF000969AA0 /* Scene.h */,
				DE8CC13D1ABE7DEC00603092 /* Vector3.cpp */,
				DE8CC13E1ABE7DEC00603092 /* Vector3.h */,
				DE8CC1401ABE7EA800603092 /* Ray.cpp */,
				DE8CC1411ABE7EA800603092 /* Ray.h */,
				DE8CC1431ABE7FB100603092 /* Camera.cpp */,
				DE8CC1441ABE7FB100603092 /* Camera.h */,
				DEAA02471AC4C4EB0035C9E9 /* Color.cpp */,
				DEAA02481AC4C4EB0035C9E9 /* Color.h */,
				DEAA024A1AC4C76A0035C9E9 /* Light.cpp */,
				DEAA024B1AC4C76A0035C9E9 /* Light.h */,
				DE651F151AD8C59900ECB87F /* Sphere.cpp */,
				DE651F161AD8C59900ECB87F /* Sphere.h */,
				DE651F181AD8CC0D00ECB87F /* Entity.cpp */,
				DE651F191AD8CC0D00ECB87F /* Entity.h */,
				DE651F1B1AD8CDEE00ECB87F /* Plane.cpp */,
				DE651F1C1AD8CDEE00ECB87F /* Plane.h */,
				DE74311A1ADA1EC7000F762F /* Source.cpp */,
				DE74311B1ADA1EC7000F762F /* Source.h */,
			);
			path = RayTracing;
			sourceTree = "<group>";
		};
/* End PBXGroup section */

/* Begin PBXNativeTarget section */
		DE8CC1301ABE52B700603092 /* RayTracing */ = {
			isa = PBXNativeTarget;
			buildConfigurationList = DE8CC1381ABE52B800603092 /* Build configuration list for PBXNativeTarget "RayTracing" */;
			buildPhases = (
				DE8CC12D1ABE52B700603092 /* Sources */,
				DE8CC12E1ABE52B700603092 /* Frameworks */,
				DE8CC12F1ABE52B700603092 /* CopyFiles */,
			);
			buildRules = (
			);
			dependencies = (
			);
			name = RayTracing;
			productName = RayTracing;
			productReference = DE8CC1311ABE52B700603092 /* RayTracing */;
			productType = "com.apple.product-type.tool";
		};
/* End PBXNativeTarget section */

/* Begin PBXProject section */
		DE8CC1291ABE52B700603092 /* Project object */ = {
			isa = PBXProject;
			attributes = {
				LastUpgradeCheck = 0610;
				ORGANIZATIONNAME = "Zackary Misso";
				TargetAttributes = {
					DE8CC1301ABE52B700603092 = {
						CreatedOnToolsVersion = 6.1.1;
					};
				};
			};
			buildConfigurationList = DE8CC12C1ABE52B700603092 /* Build configuration list for PBXProject "RayTracing" */;
			compatibilityVersion = "Xcode 3.2";
			developmentRegion = English;
			hasScannedForEncodings = 0;
			knownRegions = (
				en,
			);
			mainGroup = DE8CC1281ABE52B700603092;
			productRefGroup = DE8CC1321ABE52B700603092 /* Products */;
			projectDirPath = "";
			projectRoot = "";
			targets = (
				DE8CC1301ABE52B700603092 /* RayTracing */,
			);
		};
/* End PBXProject section */

/* Begin PBXSourcesBuildPhase section */
		DE8CC12D1ABE52B700603092 /* Sources */ = {
			isa = PBXSourcesBuildPhase;
			buildActionMask = 2147483647;
			files = (
				DE651F1A1AD8CC0D00ECB87F /* Entity.cpp in Sources */,
				DEAA024C1AC4C76A0035C9E9 /* Light.cpp in Sources */,
				DE8CC1451ABE7FB100603092 /* Camera.cpp in Sources */,
				DE651F1D1AD8CDEE00ECB87F /* Plane.cpp in Sources */,
				DE8CC1421ABE7EA800603092 /* Ray.cpp in Sources */,
				DEAA02491AC4C4EB0035C9E9 /* Color.cpp in Sources */,
				DEDA3B531ADC6CF000969AA0 /* Scene.cpp in Sources */,
				DE651F171AD8C59900ECB87F /* Sphere.cpp in Sources */,
				DE8CC13F1ABE7DEC00603092 /* Vector3.cpp in Sources */,
				DE74311C1ADA1EC7000F762F /* Source.cpp in Sources */,
				DE8CC1351ABE52B800603092 /* main.cpp in Sources */,
			);
			runOnlyForDeploymentPostprocessing = 0;
		};
/* End PBXSourcesBuildPhase section */

/* Begin XCBuildConfiguration section */
		DE8CC1361ABE52B800603092 /* Debug */ = {
			isa = XCBuildConfiguration;
			buildSettings = {
				ALWAYS_SEARCH_USER_PATHS = NO;
				CLANG_CXX_LANGUAGE_STANDARD = "gnu++0x";
				CLANG_CXX_LIBRARY = "libc++";
				CLANG_ENABLE_MODULES = YES;
				CLANG_ENABLE_OBJC_ARC = YES;
				CLANG_WARN_BOOL_CONVERSION = YES;
				CLANG_WARN_CONSTANT_CONVERSION = YES;
				CLANG_WARN_DIRECT_OBJC_ISA_USAGE = YES_ERROR;
				CLANG_WARN_EMPTY_BODY = YES;
				CLANG_WARN_ENUM_CONVERSION = YES;
				CLANG_WARN_INT_CONVERSION = YES;
				CLANG_WARN_OBJC_ROOT_CLASS = YES_ERROR;
				CLANG_WARN_UNREACHABLE_CODE = YES;
				CLANG_WARN__DUPLICATE_METHOD_MATCH = YES;
				COPY_PHASE_STRIP = NO;
				ENABLE_STRICT_OBJC_MSGSEND = YES;
				GCC_C_LANGUAGE_STANDARD = gnu99;
				GCC_DYNAMIC_NO_PIC = NO;
				GCC_OPTIMIZATION_LEVEL = 0;
				GCC_PREPROCESSOR_DEFINITIONS = (
					"DEBUG=1",
					"$(inherited)",
				);
				GCC_SYMBOLS_PRIVATE_EXTERN = NO;
				GCC_WARN_64_TO_32_BIT_CONVERSION = YES;
				GCC_WARN_ABOUT_RETURN_TYPE = YES_ERROR;
				GCC_WARN_UNDECLARED_SELECTOR = YES;
				GCC_WARN_UNINITIALIZED_AUTOS = YES_AGGRESSIVE;
				GCC_WARN_UNUSED_FUNCTION = YES;
				GCC_WARN_UNUSED_VARIABLE = YES;
				MACOSX_DEPLOYMENT_TARGET = 10.9;
				MTL_ENABLE_DEBUG_INFO = YES;
				ONLY_ACTIVE_ARCH = YES;
				SDKROOT = macosx;
			};
			name = Debug;
		};
		DE8CC1371ABE52B800603092 /* Release */ = {
			isa = XCBuildConfiguration;
			buildSettings = {
				ALWAYS_SEARCH_USER_PATHS = NO;
				CLANG_CXX_LANGUAGE_STANDARD = "gnu++0x";
				CLANG_CXX_LIBRARY = "libc++";
				CLANG_ENABLE_MODULES = YES;
				CLANG_ENABLE_OBJC_ARC = YES;
				CLANG_WARN_BOOL_CONVERSION = YES;
				CLANG_WARN_CONSTANT_CONVERSION = YES;
				CLANG_WARN_DIRECT_OBJC_ISA_USAGE = YES_ERROR;
				CLANG_WARN_EMPTY_BODY = YES;
				CLANG_WARN_ENUM_CONVERSION = YES;
				CLANG_WARN_INT_CONVERSION = YES;
				CLANG_WARN_OBJC_ROOT_CLASS = YES_ERROR;
				CLANG_WARN_UNREACHABLE_CODE = YES;
				CLANG_WARN__DUPLICATE_METHOD_MATCH = YES;
				COPY_PHASE_STRIP = YES;
				DEBUG_INFORMATION_FORMAT = "dwarf-with-dsym";
				ENABLE_NS_ASSERTIONS = NO;
				ENABLE_STRICT_OBJC_MSGSEND = YES;
				GCC_C_LANGUAGE_STANDARD = gnu99;
				GCC_WARN_64_TO_32_BIT_CONVERSION = YES;
				GCC_WARN_ABOUT_RETURN_TYPE = YES_ERROR;
				GCC_WARN_UNDECLARED_SELECTOR = YES;
				GCC_WARN_UNINITIALIZED_AUTOS = YES_AGGRESSIVE;
				GCC_WARN_UNUSED_FUNCTION = YES;
				GCC_WARN_UNUSED_VARIABLE = YES;
				MACOSX_DEPLOYMENT_TARGET = 10.9;
				MTL_ENABLE_DEBUG_INFO = NO;
				SDKROOT = macosx;
			};
			name = Release;
		};
		DE8CC1391ABE52B800603092 /* Debug */ = {
			isa = XCBuildConfiguration;
			buildSettings = {
				HEADER_SEARCH_PATHS = (
					"$(inherited)",
					/usr/local/include,
					/Applications/Xcode.app/Contents/Developer/Toolchains/XcodeDefault.xctoolchain/usr/include,
				);
				LIBRARY_SEARCH_PATHS = /usr/local/Cellar/glfw3/3.1/lib;
				OTHER_LDFLAGS = "";
				PRODUCT_NAME = "$(TARGET_NAME)";
			};
			name = Debug;
		};
		DE8CC13A1ABE52B800603092 /* Release */ = {
			isa = XCBuildConfiguration;
			buildSettings = {
				HEADER_SEARCH_PATHS = (
					"$(inherited)",
					/usr/local/include,
					/Applications/Xcode.app/Contents/Developer/Toolchains/XcodeDefault.xctoolchain/usr/include,
				);
				LIBRARY_SEARCH_PATHS = /usr/local/Cellar/glfw3/3.1/lib;
				OTHER_LDFLAGS = "";
				PRODUCT_NAME = "$(TARGET_NAME)";
			};
			name = Release;
		};
/* End XCBuildConfiguration section */

/* Begin XCConfigurationList section */
		DE8CC12C1ABE52B700603092 /* Build configuration list for PBXProject "RayTracing" */ = {
			isa = XCConfigurationList;
			buildConfigurations = (
				DE8CC1361ABE52B800603092 /* Debug */,
				DE8CC1371ABE52B800603092 /* Release */,
			);
			defaultConfigurationIsVisible = 0;
			defaultConfigurationName = Release;
		};
		DE8CC1381ABE52B800603092 /* Build configuration list for PBXNativeTarget "RayTracing" */ = {
			isa = XCConfigurationList;
			buildConfigurations = (
				DE8CC1391ABE52B800603092 /* Debug */,
				DE8CC13A1ABE52B800603092 /* Release */,
			);
			defaultConfigurationIsVisible = 0;
			defaultConfigurationName = Release;
		};
/* End XCConfigurationList section */
	};
	rootObject = DE8CC1291ABE52B700603092 /* Project object */;
}
